
Microsoft Visual Studio Solution File, Format Version 11.00
# Visual Studio 2010
Project("{FAE04EC0-301F-11D3-BF4B-00C04F79EFBC}") = "Bible Verses", "Bible Verses.csproj", "{BCD6A687-655C-406E-AD01-2D1D2AAF600D}"
EndProject
Global
	GlobalSection(SolutionConfigurationPlatforms) = preSolution
		Debug|x86 = Debug|x86
		Release|x86 = Release|x86
	EndGlobalSection
	GlobalSection(ProjectConfigurationPlatforms) = postSolution
		{BCD6A687-655C-406E-AD01-2D1D2AAF600D}.Debug|x86.ActiveCfg = Debug|x86
		{BCD6A687-655C-406E-AD01-2D1D2AAF600D}.Debug|x86.Build.0 = Debug|x86
		{BCD6A687-655C-406E-AD01-2D1D2AAF600D}.Release|x86.ActiveCfg = Release|x86
		{BCD6A687-655C-406E-AD01-2D1D2AAF600D}.Release|x86.Build.0 = Release|x86
	EndGlobalSection
	GlobalSection(SolutionProperties) = preSolution
		HideSolutionNode = FALSE
	EndGlobalSection
EndGlobal
